{
    "_meta": {
        "hash": {
            "sha256": "d165069b4807a11bcd5607c7ac70f7b91c3eca9f9525df69b1ae954fdb183583"
        },
        "pipfile-spec": 6,
        "requires": {
            "python_version": "3.9"
        },
        "sources": [
            {
                "name": "pypi",
                "url": "https://pypi.org/simple",
                "verify_ssl": true
            }
        ]
    },
    "default": {
        "aggdraw": {
            "hashes": [
                "sha256:0cafe14e0fba361e25795fa67dc1c2d85634a47d38fa7b35dbb20ee0ae1c5fe0",
                "sha256:13b1062689225f1538bf63e0d7bfcc36e2433f8187d11ad36fb35678f1c82ed2",
                "sha256:40c75132381cac909142ff963ca12b6ee8f31d10364031611f6b9efd4940ac49",
                "sha256:47d34b0d4347ac76c106d35d87bea633f0ca64640ff60d0c6ffd69c96f7441a1",
                "sha256:520e8f2dadb9c6a68e3d2dc486420b21dc23c8c8755ad45e09a174a30b2d84bf",
                "sha256:659844bcdc3a2008e5b0dff216de207a45a2998101459f474cca3c31efca91ba",
                "sha256:722f083755454d3e939ddb0f7af09509d3e6c8261d78f439275fb0d67774fee4",
                "sha256:7e6cf18742e90dc62a7047002276dc33efc4d89a1bf9be298e45ddbb6356522f",
                "sha256:7ee69c8504d57173a743ec5b7c8a70a74997c47b8b2b56aac558fa860e5f95a8",
                "sha256:8536d8a88d361dcb0297a1c059f263e650c6ede73164943ad3a1eb0c49a1573e",
                "sha256:890d8eed70501e89bc10310977eb7773e660c6f1a59ac958457309f6526d57f9",
                "sha256:894f100bee40d651ad91bfadbe6cc1562f1a15faa58ad051e8f1bcf9ca28ebb5",
                "sha256:8c35b0f7816fa90e4f760e259cb7709be0a528754c3225680fda7a7a1adcd430",
                "sha256:953e14a3141f7aa728857b2c24eb205e4bc471299244027f09e85856f6b79864",
                "sha256:a759d7294d136f255bff848e2adf9beed3053b317bd20a8f3b00dcb34b0fb0a6",
                "sha256:ab0a0151294e214e34d6720339bb81e253a2328f82c6903667ece68141e48f14",
                "sha256:ad2c7470cc43431182b0533464dd88992bc370c80affb9ce46629dbbc51402cd",
                "sha256:b0e7f8bc74a31815abaab8125ab3a98f1dead1fbc89629c8b01147aa5f4bfe5e",
                "sha256:ee4adf0acf7c6e7e143b683231ef6c2d24ffbb8471ac7397ae9bf298137a3830",
                "sha256:f144902eff88c98b931aefbb355de984a362dc5791faec76e534b91cf6605e1d",
                "sha256:f9e0672ad022ab0a2376f07b66aa17339d679239f2c4d20bbf85486b2170ee67"
            ],
            "markers": "python_version >= '3.7'",
            "version": "==1.3.16"
        },
        "importlib-resources": {
            "hashes": [
                "sha256:9d48dcccc213325e810fd723e7fbb45ccb39f6cf5c31f00cf2b965f5f10f3cb9",
                "sha256:aa50258bbfa56d4e33fbd8aa3ef48ded10d1735f11532b8df95388cc6bdb7e83"
            ],
            "markers": "python_version >= '3.8'",
            "version": "==6.1.0"
        },
        "klibs": {
            "file": "https://github.com/a-hurst/klibs/releases/download/0.7.7b1/klibs-0.7.7b1.tar.gz",
            "hashes": [
                "sha256:443e7eb442099a5a2aaf5770d754a89be7dcf411a10bbc14783eaefb34eb17d2"
            ],
            "version": "==0.7.7b1"
        },
        "libusb-package": {
            "hashes": [
                "sha256:051feb717910fc868da437d271bcaa2d0b59fce951f304821a3139ababb3d69f",
                "sha256:08fd35ee52119ae322b10288d9a411e82c9cd87e82ad1d13d63e024236b6d6ba",
                "sha256:092ea7d50734750197459b7c37e024142cabd090df80cbda9254d8d93bd51ee5",
                "sha256:0970e9e92bc13564fe75c3fc74e60601cb31866fc0345cb1f6461b9f983d6062",
                "sha256:16089823afced6e407eb39b4519e9c094d17be759a1b0bb1976d581e7b2382ae",
                "sha256:18e77e0b2a30b72c963adb99c520f78414ab91940d97acba745ff791eb3477dd",
                "sha256:1c68660a83d25a32fccc9aa2d300800a3b523508268f01edc322fb2f68cf04a7",
                "sha256:1f2409346c53d861cfef4663c003a217334fcd02a38b5521722ec385758a53db",
                "sha256:1f2f14051983c8869296a1e1659c68e1796a42b5723b2698a30d6aa0e295696a",
                "sha256:21304366f16aa684f6b2fc49a8603e8e1eb3c61f2db60cdbdea71ef4d8ea166b",
                "sha256:229d40f83a1d8ae0cd9d111a829972224527573a98487d092496840b98a82af2",
                "sha256:28e5867f8a290ca3a448954d1d34b875ba7d0e5f775e4c775f9eebdecc68dfb1",
                "sha256:2b300f0ad23a986e7085731bb6a622619c550e5df6649463492d4c6c44f8c9d5",
                "sha256:32e03d0bfbb295cce3a37a18bca70b1f81b139fd8ae835fc0b91b1270b379e5b",
                "sha256:40befc6b6b774cfc34d19b79ba04800494150f256709f0b8e76f5f05b1c1c9ac",
                "sha256:45e791e7083a7b4500cdaff0854ff3f74da31d0d375c6f86aab70ae629934829",
                "sha256:4aacc4fe1bf4cd892137f56c9783c81b388c80a249e8afacb1374ac52543e8f2",
                "sha256:50a1c23c05a966094e1cc3876109228dc966e1d31cec6ffb69a6b2cde5d4049f",
                "sha256:5186ed5c9bf04f50aec6b30d4795ff48f227137a2f6c92b2d6503a29b0b9761b",
                "sha256:51961a3b2e5eb7c276052d4a5d347de1b6d128751eae576e7162f95f6d1e466d",
                "sha256:57f186097f3086b0fbaf91f823a70df0993f098c5780db2bfd941184a6e5fa42",
                "sha256:5fbd4ea17c36806c94e6c2fc4d6a6548c628c0ad874937b0953946d49f29f23b",
                "sha256:613c5ff62c19c18b248de2159a6c4093e8adac8f9f5655e8f32e71a9cb36e5df",
                "sha256:62df8d3f38482864c35347978184c095556796e3af4005f24091dd5bcbed5b0a",
                "sha256:67069b698c79c53e704b67b10147b94ca8e7cfb55fb84010c3d38218bda51c03",
                "sha256:6a4875c15a3a6c19c999c7f11ff533bd7abadbc1e581f1c4135b0225344fdd94",
                "sha256:73e910401d9a9c127b039e16e8b6a1ba4ec8d21a405e6cf12d7ed5ba207058b0",
                "sha256:74d0b0bd2a284d3ba9b1b99c334171230d88658ef2d64e2f83a71dc28c65f2da",
                "sha256:75ab092f84ee6cf61d25cf8b4f491b2488d8596d035d8347663c5ef6d58219ab",
                "sha256:75ec775bf3950ca2f9287ae86637a6de8a9a8addf463bfb176026403ea78c64b",
                "sha256:7a96262d51f2714a250cf89e063f354a621d81438a7019bca5035e3ab4a65988",
                "sha256:818115cb123281fa54dc80cfa1033da95a0b0b481adb967e4147d726468a42a5",
                "sha256:86ffd4480e578e86277f5d2c65aad30db21c02bb7b8a439c44585ca65bb7fe7c",
                "sha256:8803e41bc1c5c5c1c16bb873308fc9cb4613ee51688084e94976d887e3d588b0",
                "sha256:8b4e7f01b359e8178d2112b2eefdccbfe2fd36a1e57dbcebf1678aef266e691a",
                "sha256:8b5b8fc1d09daad512999ac4539cb224ec6379e08883f6d3f581875a98a94f05",
                "sha256:93a59c9fdb4d76f2c4bb93c4fbc3c7450c746082e9aa9ba71d2b8f87a958121e",
                "sha256:942217aac7364e6055b8b10b5186dd852e7fc167849adc3de067943b7c461cee",
                "sha256:95cfd34bc9ddc4e4d2dbcec1ecf15c68ea0243d75518b13b69450d672189f3d7",
                "sha256:960069cd1478996e7f00d9c98347bfb1804f14e309fa1f00cbd26136dc1074f8",
                "sha256:982a03c4cd4a5509540f18b127f5b873d54019d5cdc1438f07529dc9080be633",
                "sha256:992481beecac68fb1978b62da83eae5e34c79e4ae16a9104826b4f9c5b121beb",
                "sha256:9a109ab311327ce036b9ee0d984935009e0dad45a8a8c8387f580fa11ccfe6fc",
                "sha256:9a6baa282fae2733389f16a3356e74a627a5d30d9b96e0a42f8080aa8799a513",
                "sha256:a76378f89cbdf457573b94a889666306f0fac2ab55d0e0b2aa26c8dcec9ac587",
                "sha256:ad1d6b7e8e2323a222b4f968f16f27dbe91f48e4c8cc802bf27022e324b8b99b",
                "sha256:ad8c5ed9a82efcffaa5bb216f8d39a8a244235a98fa14d2e837ef8088a068745",
                "sha256:b158e37423191bfa42d14366ed4dc4fea0f4b6fcc0ad3d180711b8e9609bcd02",
                "sha256:b1e70b24d9a7aa10cc9ce52a7139037e22d4444b152d54770c7c9342cf5e8781",
                "sha256:b655fded7314065a60e088d2e49b014155a700a96b01af081abb914ce1fa2e96",
                "sha256:b6d74c3ba47d914c874bef8aa0efc0af99e07b44b7f735cde9ff93573ca33ad2",
                "sha256:b8a0208b1bc9b2e2b7097d33a7e24f4268e189b05ee5267f57e7346802653b9f",
                "sha256:bea164dbeff193a052a2d64896dd136c0bfccd8b3000a2d233d2d23cddf18436",
                "sha256:c1e01a04d7115900b6fb864b822d04a06159bc1c57dbefd119fad09506f7d242",
                "sha256:c56fabcd61c27c731e3a2f682a51cf91608a908d83d93f69c2431412a01c70fb",
                "sha256:c9cb4e98e44efc87a0bbdcd231101797518a688cc2528355b9200a0f4b18522e",
                "sha256:cc14c8b37f9acebadbf7b1ab7c788826e67dfecf4a872c6a2698777716856333",
                "sha256:d69bf72ebdba7f892e9cf45fe55f8308b4b683db887728da28c3721cd6a624fd",
                "sha256:d95f3ddc12380ebd024e2c9a1ee4e0a34555275ddcc6658962df1379fedfaef4",
                "sha256:e566aa04957ae61c0c2eb4ec70e7767520fe79c5b9cae2ebbf5eaddbff73ea58",
                "sha256:ec40b8a81df4ec972f494db1e0848d38b2a2c117f001aae0e4c739feec50205f",
                "sha256:f132290e962af25fd89a64c0960d5f5d2b46aab647bc52a959b09742d3a3a3b0",
                "sha256:f1bed2fe1ce230e37826dc25fc077ae892d9edfe9d312aea112f3cbeba2a8588",
                "sha256:fba4e8fc77865cbf7464f5a847129c282a8bd26868da160b2b90d61c67192d4b"
            ],
            "index": "pypi",
            "version": "==1.0.26.2"
        },
        "numpy": {
            "hashes": [
                "sha256:020cdbee66ed46b671429c7265cf00d8ac91c046901c55684954c3958525dab2",
                "sha256:0621f7daf973d34d18b4e4bafb210bbaf1ef5e0100b5fa750bd9cde84c7ac292",
                "sha256:0792824ce2f7ea0c82ed2e4fecc29bb86bee0567a080dacaf2e0a01fe7654369",
                "sha256:09aaee96c2cbdea95de76ecb8a586cb687d281c881f5f17bfc0fb7f5890f6b91",
                "sha256:166b36197e9debc4e384e9c652ba60c0bacc216d0fc89e78f973a9760b503388",
                "sha256:186ba67fad3c60dbe8a3abff3b67a91351100f2661c8e2a80364ae6279720299",
                "sha256:306545e234503a24fe9ae95ebf84d25cba1fdc27db971aa2d9f1ab6bba19a9dd",
                "sha256:436c8e9a4bdeeee84e3e59614d38c3dbd3235838a877af8c211cfcac8a80b8d3",
                "sha256:4a873a8180479bc829313e8d9798d5234dfacfc2e8a7ac188418189bb8eafbd2",
                "sha256:4acc65dd65da28060e206c8f27a573455ed724e6179941edb19f97e58161bb69",
                "sha256:51be5f8c349fdd1a5568e72713a21f518e7d6707bcf8503b528b88d33b57dc68",
                "sha256:546b7dd7e22f3c6861463bebb000646fa730e55df5ee4a0224408b5694cc6148",
                "sha256:5671338034b820c8d58c81ad1dafc0ed5a00771a82fccc71d6438df00302094b",
                "sha256:637c58b468a69869258b8ae26f4a4c6ff8abffd4a8334c830ffb63e0feefe99a",
                "sha256:767254ad364991ccfc4d81b8152912e53e103ec192d1bb4ea6b1f5a7117040be",
                "sha256:7d484292eaeb3e84a51432a94f53578689ffdea3f90e10c8b203a99be5af57d8",
                "sha256:7f6bad22a791226d0a5c7c27a80a20e11cfe09ad5ef9084d4d3fc4a299cca505",
                "sha256:86f737708b366c36b76e953c46ba5827d8c27b7a8c9d0f471810728e5a2fe57c",
                "sha256:8c6adc33561bd1d46f81131d5352348350fc23df4d742bb246cdfca606ea1208",
                "sha256:914b28d3215e0c721dc75db3ad6d62f51f630cb0c277e6b3bcb39519bed10bd8",
                "sha256:b44e6a09afc12952a7d2a58ca0a2429ee0d49a4f89d83a0a11052da696440e49",
                "sha256:bb0d9a1aaf5f1cb7967320e80690a1d7ff69f1d47ebc5a9bea013e3a21faec95",
                "sha256:c0b45c8b65b79337dee5134d038346d30e109e9e2e9d43464a2970e5c0e93229",
                "sha256:c2e698cb0c6dda9372ea98a0344245ee65bdc1c9dd939cceed6bb91256837896",
                "sha256:c78a22e95182fb2e7874712433eaa610478a3caf86f28c621708d35fa4fd6e7f",
                "sha256:e062aa24638bb5018b7841977c360d2f5917268d125c833a686b7cbabbec496c",
                "sha256:e5e18e5b14a7560d8acf1c596688f4dfd19b4f2945b245a71e5af4ddb7422feb",
                "sha256:eae430ecf5794cb7ae7fa3808740b015aa80747e5266153128ef055975a72b99",
                "sha256:ee84ca3c58fe48b8ddafdeb1db87388dce2c3c3f701bf447b05e4cfcc3679112",
                "sha256:f042f66d0b4ae6d48e70e28d487376204d3cbf43b84c03bac57e28dac6151581",
                "sha256:f8db2f125746e44dce707dd44d4f4efeea8d7e2b43aace3f8d1f235cfa2733dd",
                "sha256:f93fc78fe8bf15afe2b8d6b6499f1c73953169fad1e9a8dd086cdff3190e7fdf"
            ],
            "markers": "python_version < '3.13' and python_version >= '3.9'",
            "version": "==1.26.0"
        },
        "pillow": {
            "hashes": [
                "sha256:0462b1496505a3462d0f35dc1c4d7b54069747d65d00ef48e736acda2c8cbdff",
                "sha256:186f7e04248103482ea6354af6d5bcedb62941ee08f7f788a1c7707bc720c66f",
                "sha256:19e9adb3f22d4c416e7cd79b01375b17159d6990003633ff1d8377e21b7f1b21",
                "sha256:28444cb6ad49726127d6b340217f0627abc8732f1194fd5352dec5e6a0105635",
                "sha256:2872f2d7846cf39b3dbff64bc1104cc48c76145854256451d33c5faa55c04d1a",
                "sha256:2cc6b86ece42a11f16f55fe8903595eff2b25e0358dec635d0a701ac9586588f",
                "sha256:2d7e91b4379f7a76b31c2dda84ab9e20c6220488e50f7822e59dac36b0cd92b1",
                "sha256:2fa6dd2661838c66f1a5473f3b49ab610c98a128fc08afbe81b91a1f0bf8c51d",
                "sha256:32bec7423cdf25c9038fef614a853c9d25c07590e1a870ed471f47fb80b244db",
                "sha256:3855447d98cced8670aaa63683808df905e956f00348732448b5a6df67ee5849",
                "sha256:3a04359f308ebee571a3127fdb1bd01f88ba6f6fb6d087f8dd2e0d9bff43f2a7",
                "sha256:3a0d3e54ab1df9df51b914b2233cf779a5a10dfd1ce339d0421748232cea9876",
                "sha256:44e7e4587392953e5e251190a964675f61e4dae88d1e6edbe9f36d6243547ff3",
                "sha256:459307cacdd4138edee3875bbe22a2492519e060660eaf378ba3b405d1c66317",
                "sha256:4ce90f8a24e1c15465048959f1e94309dfef93af272633e8f37361b824532e91",
                "sha256:50bd5f1ebafe9362ad622072a1d2f5850ecfa44303531ff14353a4059113b12d",
                "sha256:522ff4ac3aaf839242c6f4e5b406634bfea002469656ae8358644fc6c4856a3b",
                "sha256:552912dbca585b74d75279a7570dd29fa43b6d93594abb494ebb31ac19ace6bd",
                "sha256:5d6c9049c6274c1bb565021367431ad04481ebb54872edecfcd6088d27edd6ed",
                "sha256:697a06bdcedd473b35e50a7e7506b1d8ceb832dc238a336bd6f4f5aa91a4b500",
                "sha256:71671503e3015da1b50bd18951e2f9daf5b6ffe36d16f1eb2c45711a301521a7",
                "sha256:723bd25051454cea9990203405fa6b74e043ea76d4968166dfd2569b0210886a",
                "sha256:764d2c0daf9c4d40ad12fbc0abd5da3af7f8aa11daf87e4fa1b834000f4b6b0a",
                "sha256:787bb0169d2385a798888e1122c980c6eff26bf941a8ea79747d35d8f9210ca0",
                "sha256:7f771e7219ff04b79e231d099c0a28ed83aa82af91fd5fa9fdb28f5b8d5addaf",
                "sha256:847e8d1017c741c735d3cd1883fa7b03ded4f825a6e5fcb9378fd813edee995f",
                "sha256:84efb46e8d881bb06b35d1d541aa87f574b58e87f781cbba8d200daa835b42e1",
                "sha256:898f1d306298ff40dc1b9ca24824f0488f6f039bc0e25cfb549d3195ffa17088",
                "sha256:8b451d6ead6e3500b6ce5c7916a43d8d8d25ad74b9102a629baccc0808c54971",
                "sha256:8f06be50669087250f319b706decf69ca71fdecd829091a37cc89398ca4dc17a",
                "sha256:92a23b0431941a33242b1f0ce6c88a952e09feeea9af4e8be48236a68ffe2205",
                "sha256:93139acd8109edcdeffd85e3af8ae7d88b258b3a1e13a038f542b79b6d255c54",
                "sha256:98533fd7fa764e5f85eebe56c8e4094db912ccbe6fbf3a58778d543cadd0db08",
                "sha256:9f665d1e6474af9f9da5e86c2a3a2d2d6204e04d5af9c06b9d42afa6ebde3f21",
                "sha256:b059ac2c4c7a97daafa7dc850b43b2d3667def858a4f112d1aa082e5c3d6cf7d",
                "sha256:b1be1c872b9b5fcc229adeadbeb51422a9633abd847c0ff87dc4ef9bb184ae08",
                "sha256:b7cf63d2c6928b51d35dfdbda6f2c1fddbe51a6bc4a9d4ee6ea0e11670dd981e",
                "sha256:bc2e3069569ea9dbe88d6b8ea38f439a6aad8f6e7a6283a38edf61ddefb3a9bf",
                "sha256:bcf1207e2f2385a576832af02702de104be71301c2696d0012b1b93fe34aaa5b",
                "sha256:ca26ba5767888c84bf5a0c1a32f069e8204ce8c21d00a49c90dabeba00ce0145",
                "sha256:cbe68deb8580462ca0d9eb56a81912f59eb4542e1ef8f987405e35a0179f4ea2",
                "sha256:d6caf3cd38449ec3cd8a68b375e0c6fe4b6fd04edb6c9766b55ef84a6e8ddf2d",
                "sha256:d72967b06be9300fed5cfbc8b5bafceec48bf7cdc7dab66b1d2549035287191d",
                "sha256:d889b53ae2f030f756e61a7bff13684dcd77e9af8b10c6048fb2c559d6ed6eaf",
                "sha256:de596695a75496deb3b499c8c4f8e60376e0516e1a774e7bc046f0f48cd620ad",
                "sha256:e6a90167bcca1216606223a05e2cf991bb25b14695c518bc65639463d7db722d",
                "sha256:ed2d9c0704f2dc4fa980b99d565c0c9a543fe5101c25b3d60488b8ba80f0cce1",
                "sha256:ee7810cf7c83fa227ba9125de6084e5e8b08c59038a7b2c9045ef4dde61663b4",
                "sha256:f0b4b06da13275bc02adfeb82643c4a6385bd08d26f03068c2796f60d125f6f2",
                "sha256:f11c9102c56ffb9ca87134bd025a43d2aba3f1155f508eff88f694b33a9c6d19",
                "sha256:f5bb289bb835f9fe1a1e9300d011eef4d69661bb9b34d5e196e5e82c4cb09b37",
                "sha256:f6d3d4c905e26354e8f9d82548475c46d8e0889538cb0657aa9c6f0872a37aa4",
                "sha256:fcb59711009b0168d6ee0bd8fb5eb259c4ab1717b2f538bbf36bacf207ef7a68",
                "sha256:fd2a5403a75b54661182b75ec6132437a181209b901446ee5724b589af8edef1"
            ],
            "markers": "python_version >= '3.8'",
            "version": "==10.0.1"
        },
        "pyopengl": {
            "hashes": [
                "sha256:a6ab19cf290df6101aaf7470843a9c46207789855746399d0af92521a0a92b7a",
                "sha256:eef31a3888e6984fd4d8e6c9961b184c9813ca82604d37fe3da80eb000a76c86"
            ],
            "version": "==3.1.7"
        },
        "pysdl2": {
            "hashes": [
                "sha256:1027406badbecdd30fe56e800a5a76ad7d7271a3aec0b7acf780ee26a00f2d40"
            ],
            "version": "==0.9.16"
        },
        "pysdl2-dll": {
            "hashes": [
                "sha256:1340fbb2a398b6e407f2ce43e76de2cc584ee131db5beaa4428a066cbeb27415",
                "sha256:1ac3bff1306eca66380b89cb44881204fd340e5fa68e7839ca47b93bc0aee5c1",
                "sha256:3efc71b9a22b4fc931ddf189289751eaf89a72b812732663afccc07f1991a563",
                "sha256:51d548fdfe6e14c2f320c4f2126743bd08596bbc94972f38ca36a80dbf686220",
                "sha256:5fb3e27a3d9f7b67f0943ccd7b14d459ae372bb07dbe938734327964400939cb",
                "sha256:a2a2b200e3438ec8bb7f62a4d0a5a71dd22df3bb15a90a621cdf6c9f8943e075",
                "sha256:ac30de955052262d417f2e324131c3fc68f1a3b98104dce371b1805766ed0a8d",
                "sha256:ba3ff250603084a3817a7b9742f0ee8c23edbe4ea97d86fc3349496c299ebcf9",
                "sha256:bc4e91bf50ae7f0a514d68d9451ef5c3d703d9e2e06c90ea945fdc50a505de51"
            ],
            "version": "==2.28.2"
        },
        "pyusb": {
            "hashes": [
                "sha256:2b4c7cb86dbadf044dfb9d3a4ff69fd217013dbe78a792177a3feb172449ea36",
                "sha256:a4cc7404a203144754164b8b40994e2849fde1cfff06b08492f12fff9d9de7b9"
            ],
            "index": "pypi",
            "version": "==1.2.1"
        },
        "zipp": {
            "hashes": [
                "sha256:0e923e726174922dce09c53c59ad483ff7bbb8e572e00c7f7c46b88556409f31",
                "sha256:84e64a1c28cf7e91ed2078bb8cc8c259cb19b76942096c8d7b84947690cabaf0"
            ],
            "markers": "python_version < '3.10'",
            "version": "==3.17.0"
        }
    },
    "develop": {
        "astroid": {
            "hashes": [
                "sha256:1aa149fc5c6589e3d0ece885b4491acd80af4f087baafa3fb5203b113e68cd3c",
                "sha256:6c107453dffee9055899705de3c9ead36e74119cee151e5a9aaf7f0b0e020a6a"
            ],
            "markers": "python_full_version >= '3.7.2'",
            "version": "==2.15.8"
        },
        "dill": {
            "hashes": [
                "sha256:76b122c08ef4ce2eedcd4d1abd8e641114bfc6c2867f49f3c41facf65bf19f5e",
                "sha256:cc1c8b182eb3013e24bd475ff2e9295af86c1a38eb1aff128dac8962a9ce3c03"
            ],
            "markers": "python_version < '3.11'",
            "version": "==0.3.7"
        },
        "isort": {
            "hashes": [
                "sha256:8bef7dde241278824a6d83f44a544709b065191b95b6e50894bdc722fcba0504",
                "sha256:f84c2818376e66cf843d497486ea8fed8700b340f308f076c6fb1229dff318b6"
            ],
            "markers": "python_full_version >= '3.8.0'",
            "version": "==5.12.0"
        },
        "lazy-object-proxy": {
            "hashes": [
                "sha256:09763491ce220c0299688940f8dc2c5d05fd1f45af1e42e636b2e8b2303e4382",
                "sha256:0a891e4e41b54fd5b8313b96399f8b0e173bbbfc03c7631f01efbe29bb0bcf82",
                "sha256:189bbd5d41ae7a498397287c408617fe5c48633e7755287b21d741f7db2706a9",
                "sha256:18b78ec83edbbeb69efdc0e9c1cb41a3b1b1ed11ddd8ded602464c3fc6020494",
                "sha256:1aa3de4088c89a1b69f8ec0dcc169aa725b0ff017899ac568fe44ddc1396df46",
                "sha256:212774e4dfa851e74d393a2370871e174d7ff0ebc980907723bb67d25c8a7c30",
                "sha256:2d0daa332786cf3bb49e10dc6a17a52f6a8f9601b4cf5c295a4f85854d61de63",
                "sha256:5f83ac4d83ef0ab017683d715ed356e30dd48a93746309c8f3517e1287523ef4",
                "sha256:659fb5809fa4629b8a1ac5106f669cfc7bef26fbb389dda53b3e010d1ac4ebae",
                "sha256:660c94ea760b3ce47d1855a30984c78327500493d396eac4dfd8bd82041b22be",
                "sha256:66a3de4a3ec06cd8af3f61b8e1ec67614fbb7c995d02fa224813cb7afefee701",
                "sha256:721532711daa7db0d8b779b0bb0318fa87af1c10d7fe5e52ef30f8eff254d0cd",
                "sha256:7322c3d6f1766d4ef1e51a465f47955f1e8123caee67dd641e67d539a534d006",
                "sha256:79a31b086e7e68b24b99b23d57723ef7e2c6d81ed21007b6281ebcd1688acb0a",
                "sha256:81fc4d08b062b535d95c9ea70dbe8a335c45c04029878e62d744bdced5141586",
                "sha256:8fa02eaab317b1e9e03f69aab1f91e120e7899b392c4fc19807a8278a07a97e8",
                "sha256:9090d8e53235aa280fc9239a86ae3ea8ac58eff66a705fa6aa2ec4968b95c821",
                "sha256:946d27deaff6cf8452ed0dba83ba38839a87f4f7a9732e8f9fd4107b21e6ff07",
                "sha256:9990d8e71b9f6488e91ad25f322898c136b008d87bf852ff65391b004da5e17b",
                "sha256:9cd077f3d04a58e83d04b20e334f678c2b0ff9879b9375ed107d5d07ff160171",
                "sha256:9e7551208b2aded9c1447453ee366f1c4070602b3d932ace044715d89666899b",
                "sha256:9f5fa4a61ce2438267163891961cfd5e32ec97a2c444e5b842d574251ade27d2",
                "sha256:b40387277b0ed2d0602b8293b94d7257e17d1479e257b4de114ea11a8cb7f2d7",
                "sha256:bfb38f9ffb53b942f2b5954e0f610f1e721ccebe9cce9025a38c8ccf4a5183a4",
                "sha256:cbf9b082426036e19c6924a9ce90c740a9861e2bdc27a4834fd0a910742ac1e8",
                "sha256:d9e25ef10a39e8afe59a5c348a4dbf29b4868ab76269f81ce1674494e2565a6e",
                "sha256:db1c1722726f47e10e0b5fdbf15ac3b8adb58c091d12b3ab713965795036985f",
                "sha256:e7c21c95cae3c05c14aafffe2865bbd5e377cfc1348c4f7751d9dc9a48ca4bda",
                "sha256:e8c6cfb338b133fbdbc5cfaa10fe3c6aeea827db80c978dbd13bc9dd8526b7d4",
                "sha256:ea806fd4c37bf7e7ad82537b0757999264d5f70c45468447bb2b91afdbe73a6e",
                "sha256:edd20c5a55acb67c7ed471fa2b5fb66cb17f61430b7a6b9c3b4a1e40293b1671",
                "sha256:f0117049dd1d5635bbff65444496c90e0baa48ea405125c088e93d9cf4525b11",
                "sha256:f0705c376533ed2a9e5e97aacdbfe04cecd71e0aa84c7c0595d02ef93b6e4455",
                "sha256:f12ad7126ae0c98d601a7ee504c1122bcef553d1d5e0c3bfa77b16b3968d2734",
                "sha256:f2457189d8257dd41ae9b434ba33298aec198e30adf2dcdaaa3a28b9994f6adb",
                "sha256:f699ac1c768270c9e384e4cbd268d6e67aebcfae6cd623b4d7c3bfde5a35db59"
            ],
            "markers": "python_version >= '3.7'",
            "version": "==1.9.0"
        },
        "mccabe": {
            "hashes": [
                "sha256:348e0240c33b60bbdf4e523192ef919f28cb2c3d7d5c7794f74009290f236325",
                "sha256:6c2d30ab6be0e4a46919781807b4f0d834ebdd6c6e3dca0bda5a15f863427b6e"
            ],
            "markers": "python_version >= '3.6'",
            "version": "==0.7.0"
        },
        "platformdirs": {
            "hashes": [
                "sha256:b45696dab2d7cc691a3226759c0d3b00c47c8b6e293d96f6436f733303f77f6d",
                "sha256:d7c24979f292f916dc9cbf8648319032f551ea8c49a4c9bf2fb556a02070ec1d"
            ],
            "markers": "python_version >= '3.7'",
            "version": "==3.10.0"
        },
        "pylint": {
            "hashes": [
                "sha256:18a1412e873caf8ffb56b760ce1b5643675af23e6173a247b502406b24c716af",
                "sha256:be928cce5c76bf9acdc65ad01447a1e0b1a7bccffc609fb7fc40f2513045bd05"
            ],
            "index": "pypi",
            "version": "==2.17.6"
        },
        "tomli": {
            "hashes": [
                "sha256:939de3e7a6161af0c887ef91b7d41a53e7c5a1ca976325f429cb46ea9bc30ecc",
                "sha256:de526c12914f0c550d15924c62d72abc48d6fe7364aa87328337a31007fe8a4f"
            ],
            "markers": "python_version < '3.11'",
            "version": "==2.0.1"
        },
        "tomlkit": {
            "hashes": [
                "sha256:38e1ff8edb991273ec9f6181244a6a391ac30e9f5098e7535640ea6be97a7c86",
                "sha256:712cbd236609acc6a3e2e97253dfc52d4c2082982a88f61b640ecf0817eab899"
            ],
            "markers": "python_version >= '3.7'",
            "version": "==0.12.1"
        },
        "typing-extensions": {
            "hashes": [
                "sha256:8f92fc8806f9a6b641eaa5318da32b44d401efaac0f6678c9bc448ba3605faa0",
                "sha256:df8e4339e9cb77357558cbdbceca33c303714cf861d1eef15e1070055ae8b7ef"
            ],
            "markers": "python_version < '3.10'",
            "version": "==4.8.0"
        },
        "wrapt": {
            "hashes": [
                "sha256:02fce1852f755f44f95af51f69d22e45080102e9d00258053b79367d07af39c0",
                "sha256:077ff0d1f9d9e4ce6476c1a924a3332452c1406e59d90a2cf24aeb29eeac9420",
                "sha256:078e2a1a86544e644a68422f881c48b84fef6d18f8c7a957ffd3f2e0a74a0d4a",
                "sha256:0970ddb69bba00670e58955f8019bec4a42d1785db3faa043c33d81de2bf843c",
                "sha256:1286eb30261894e4c70d124d44b7fd07825340869945c79d05bda53a40caa079",
                "sha256:21f6d9a0d5b3a207cdf7acf8e58d7d13d463e639f0c7e01d82cdb671e6cb7923",
                "sha256:230ae493696a371f1dbffaad3dafbb742a4d27a0afd2b1aecebe52b740167e7f",
                "sha256:26458da5653aa5b3d8dc8b24192f574a58984c749401f98fff994d41d3f08da1",
                "sha256:2cf56d0e237280baed46f0b5316661da892565ff58309d4d2ed7dba763d984b8",
                "sha256:2e51de54d4fb8fb50d6ee8327f9828306a959ae394d3e01a1ba8b2f937747d86",
                "sha256:2fbfbca668dd15b744418265a9607baa970c347eefd0db6a518aaf0cfbd153c0",
                "sha256:38adf7198f8f154502883242f9fe7333ab05a5b02de7d83aa2d88ea621f13364",
                "sha256:3a8564f283394634a7a7054b7983e47dbf39c07712d7b177b37e03f2467a024e",
                "sha256:3abbe948c3cbde2689370a262a8d04e32ec2dd4f27103669a45c6929bcdbfe7c",
                "sha256:3bbe623731d03b186b3d6b0d6f51865bf598587c38d6f7b0be2e27414f7f214e",
                "sha256:40737a081d7497efea35ab9304b829b857f21558acfc7b3272f908d33b0d9d4c",
                "sha256:41d07d029dd4157ae27beab04d22b8e261eddfc6ecd64ff7000b10dc8b3a5727",
                "sha256:46ed616d5fb42f98630ed70c3529541408166c22cdfd4540b88d5f21006b0eff",
                "sha256:493d389a2b63c88ad56cdc35d0fa5752daac56ca755805b1b0c530f785767d5e",
                "sha256:4ff0d20f2e670800d3ed2b220d40984162089a6e2c9646fdb09b85e6f9a8fc29",
                "sha256:54accd4b8bc202966bafafd16e69da9d5640ff92389d33d28555c5fd4f25ccb7",
                "sha256:56374914b132c702aa9aa9959c550004b8847148f95e1b824772d453ac204a72",
                "sha256:578383d740457fa790fdf85e6d346fda1416a40549fe8db08e5e9bd281c6a475",
                "sha256:58d7a75d731e8c63614222bcb21dd992b4ab01a399f1f09dd82af17bbfc2368a",
                "sha256:5c5aa28df055697d7c37d2099a7bc09f559d5053c3349b1ad0c39000e611d317",
                "sha256:5fc8e02f5984a55d2c653f5fea93531e9836abbd84342c1d1e17abc4a15084c2",
                "sha256:63424c681923b9f3bfbc5e3205aafe790904053d42ddcc08542181a30a7a51bd",
                "sha256:64b1df0f83706b4ef4cfb4fb0e4c2669100fd7ecacfb59e091fad300d4e04640",
                "sha256:74934ebd71950e3db69960a7da29204f89624dde411afbfb3b4858c1409b1e98",
                "sha256:75669d77bb2c071333417617a235324a1618dba66f82a750362eccbe5b61d248",
                "sha256:75760a47c06b5974aa5e01949bf7e66d2af4d08cb8c1d6516af5e39595397f5e",
                "sha256:76407ab327158c510f44ded207e2f76b657303e17cb7a572ffe2f5a8a48aa04d",
                "sha256:76e9c727a874b4856d11a32fb0b389afc61ce8aaf281ada613713ddeadd1cfec",
                "sha256:77d4c1b881076c3ba173484dfa53d3582c1c8ff1f914c6461ab70c8428b796c1",
                "sha256:780c82a41dc493b62fc5884fb1d3a3b81106642c5c5c78d6a0d4cbe96d62ba7e",
                "sha256:7dc0713bf81287a00516ef43137273b23ee414fe41a3c14be10dd95ed98a2df9",
                "sha256:7eebcdbe3677e58dd4c0e03b4f2cfa346ed4049687d839adad68cc38bb559c92",
                "sha256:896689fddba4f23ef7c718279e42f8834041a21342d95e56922e1c10c0cc7afb",
                "sha256:96177eb5645b1c6985f5c11d03fc2dbda9ad24ec0f3a46dcce91445747e15094",
                "sha256:96e25c8603a155559231c19c0349245eeb4ac0096fe3c1d0be5c47e075bd4f46",
                "sha256:9d37ac69edc5614b90516807de32d08cb8e7b12260a285ee330955604ed9dd29",
                "sha256:9ed6aa0726b9b60911f4aed8ec5b8dd7bf3491476015819f56473ffaef8959bd",
                "sha256:a487f72a25904e2b4bbc0817ce7a8de94363bd7e79890510174da9d901c38705",
                "sha256:a4cbb9ff5795cd66f0066bdf5947f170f5d63a9274f99bdbca02fd973adcf2a8",
                "sha256:a74d56552ddbde46c246b5b89199cb3fd182f9c346c784e1a93e4dc3f5ec9975",
                "sha256:a89ce3fd220ff144bd9d54da333ec0de0399b52c9ac3d2ce34b569cf1a5748fb",
                "sha256:abd52a09d03adf9c763d706df707c343293d5d106aea53483e0ec8d9e310ad5e",
                "sha256:abd8f36c99512755b8456047b7be10372fca271bf1467a1caa88db991e7c421b",
                "sha256:af5bd9ccb188f6a5fdda9f1f09d9f4c86cc8a539bd48a0bfdc97723970348418",
                "sha256:b02f21c1e2074943312d03d243ac4388319f2456576b2c6023041c4d57cd7019",
                "sha256:b06fa97478a5f478fb05e1980980a7cdf2712015493b44d0c87606c1513ed5b1",
                "sha256:b0724f05c396b0a4c36a3226c31648385deb6a65d8992644c12a4963c70326ba",
                "sha256:b130fe77361d6771ecf5a219d8e0817d61b236b7d8b37cc045172e574ed219e6",
                "sha256:b56d5519e470d3f2fe4aa7585f0632b060d532d0696c5bdfb5e8319e1d0f69a2",
                "sha256:b67b819628e3b748fd3c2192c15fb951f549d0f47c0449af0764d7647302fda3",
                "sha256:ba1711cda2d30634a7e452fc79eabcadaffedf241ff206db2ee93dd2c89a60e7",
                "sha256:bbeccb1aa40ab88cd29e6c7d8585582c99548f55f9b2581dfc5ba68c59a85752",
                "sha256:bd84395aab8e4d36263cd1b9308cd504f6cf713b7d6d3ce25ea55670baec5416",
                "sha256:c99f4309f5145b93eca6e35ac1a988f0dc0a7ccf9ccdcd78d3c0adf57224e62f",
                "sha256:ca1cccf838cd28d5a0883b342474c630ac48cac5df0ee6eacc9c7290f76b11c1",
                "sha256:cd525e0e52a5ff16653a3fc9e3dd827981917d34996600bbc34c05d048ca35cc",
                "sha256:cdb4f085756c96a3af04e6eca7f08b1345e94b53af8921b25c72f096e704e145",
                "sha256:ce42618f67741d4697684e501ef02f29e758a123aa2d669e2d964ff734ee00ee",
                "sha256:d06730c6aed78cee4126234cf2d071e01b44b915e725a6cb439a879ec9754a3a",
                "sha256:d5fe3e099cf07d0fb5a1e23d399e5d4d1ca3e6dfcbe5c8570ccff3e9208274f7",
                "sha256:d6bcbfc99f55655c3d93feb7ef3800bd5bbe963a755687cbf1f490a71fb7794b",
                "sha256:d787272ed958a05b2c86311d3a4135d3c2aeea4fc655705f074130aa57d71653",
                "sha256:e169e957c33576f47e21864cf3fc9ff47c223a4ebca8960079b8bd36cb014fd0",
                "sha256:e20076a211cd6f9b44a6be58f7eeafa7ab5720eb796975d0c03f05b47d89eb90",
                "sha256:e826aadda3cae59295b95343db8f3d965fb31059da7de01ee8d1c40a60398b29",
                "sha256:eef4d64c650f33347c1f9266fa5ae001440b232ad9b98f1f43dfe7a79435c0a6",
                "sha256:f2e69b3ed24544b0d3dbe2c5c0ba5153ce50dcebb576fdc4696d52aa22db6034",
                "sha256:f87ec75864c37c4c6cb908d282e1969e79763e0d9becdfe9fe5473b7bb1e5f09",
                "sha256:fbec11614dba0424ca72f4e8ba3c420dba07b4a7c206c8c8e4e73f2e98f4c559",
                "sha256:fd69666217b62fa5d7c6aa88e507493a34dec4fa20c5bd925e4bc12fce586639"
            ],
            "markers": "python_version < '3.11'",
            "version": "==1.15.0"
        }
    }
}
